
Microsoft Visual Studio Solution File, Format Version 12.00
# Visual Studio Version 17
VisualStudioVersion = 17.14.36705.20 d17.14
MinimumVisualStudioVersion = 10.0.40219.1
Project("{F184B08F-C81C-45F6-A57F-5ABD9991F28F}") = "ExamMonitor", "ExamMonitor.vbproj", "{2F8C36E1-EB87-4CD2-A3E8-3D1DE33CFEBB}"
EndProject
Global
	GlobalSection(SolutionConfigurationPlatforms) = preSolution
		Debug|Any CPU = Debug|Any CPU
		Release|Any CPU = Release|Any CPU
	EndGlobalSection
	GlobalSection(ProjectConfigurationPlatforms) = postSolution
		{2F8C36E1-EB87-4CD2-A3E8-3D1DE33CFEBB}.Debug|Any CPU.ActiveCfg = Debug|Any CPU
		{2F8C36E1-EB87-4CD2-A3E8-3D1DE33CFEBB}.Debug|Any CPU.Build.0 = Debug|Any CPU
		{2F8C36E1-EB87-4CD2-A3E8-3D1DE33CFEBB}.Release|Any CPU.ActiveCfg = Release|Any CPU
		{2F8C36E1-EB87-4CD2-A3E8-3D1DE33CFEBB}.Release|Any CPU.Build.0 = Release|Any CPU
	EndGlobalSection
	GlobalSection(SolutionProperties) = preSolution
		HideSolutionNode = FALSE
	EndGlobalSection
	GlobalSection(ExtensibilityGlobals) = postSolution
		SolutionGuid = {970E497E-387D-4C3D-95BB-1D6F34AF4A24}
	EndGlobalSection
EndGlobal
